{
  "lockfileVersion": 1,
  "workspaces": {
    "": {
      "name": "goofcord-cloudserver",
      "dependencies": {
        "discord-oauth2": "github:clementvt/discord-oauth2#fix-clement",
        "hono": "^4.7.10",
        "mongoose": "^8.15.0",
      },
      "devDependencies": {
        "@types/bun": "^1.2.13",
      },
      "peerDependencies": {
        "typescript": "^5.6.2",
      },
    },
  },
  "packages": {
    "@mongodb-js/saslprep": ["@mongodb-js/saslprep@1.2.2", "", { "dependencies": { "sparse-bitfield": "^3.0.3" } }, "sha512-EB0O3SCSNRUFk66iRCpI+cXzIjdswfCs7F6nOC3RAGJ7xr5YhaicvsRwJ9eyzYvYRlCSDUO/c7g4yNulxKC1WA=="],

    "@types/bun": ["@types/bun@1.2.13", "", { "dependencies": { "bun-types": "1.2.13" } }, "sha512-u6vXep/i9VBxoJl3GjZsl/BFIsvML8DfVDO0RYLEwtSZSp981kEO1V5NwRcO1CPJ7AmvpbnDCiMKo3JvbDEjAg=="],

    "@types/node": ["@types/node@20.12.14", "", { "dependencies": { "undici-types": "~5.26.4" } }, "sha512-scnD59RpYD91xngrQQLGkE+6UrHUPzeKZWhhjBSa3HSkwjbQc38+q3RoIVEwxQGRw3M+j5hpNAM+lgV3cVormg=="],

    "@types/webidl-conversions": ["@types/webidl-conversions@7.0.3", "", {}, "sha512-CiJJvcRtIgzadHCYXw7dqEnMNRjhGZlYK05Mj9OyktqV8uVT8fD2BFOB7S1uwBE3Kj2Z+4UyPmFw/Ixgw/LAlA=="],

    "@types/whatwg-url": ["@types/whatwg-url@11.0.5", "", { "dependencies": { "@types/webidl-conversions": "*" } }, "sha512-coYR071JRaHa+xoEvvYqvnIHaVqaYrLPbsufM9BF63HkwI5Lgmy2QR8Q5K/lYDYo5AK82wOvSOS0UsLTpTG7uQ=="],

    "bson": ["bson@6.10.3", "", {}, "sha512-MTxGsqgYTwfshYWTRdmZRC+M7FnG1b4y7RO7p2k3X24Wq0yv1m77Wsj0BzlPzd/IowgESfsruQCUToa7vbOpPQ=="],

    "bun-types": ["bun-types@1.2.13", "", { "dependencies": { "@types/node": "*" } }, "sha512-rRjA1T6n7wto4gxhAO/ErZEtOXyEZEmnIHQfl0Dt1QQSB4QV0iP6BZ9/YB5fZaHFQ2dwHFrmPaRQ9GGMX01k9Q=="],

    "debug": ["debug@4.3.6", "", { "dependencies": { "ms": "2.1.2" } }, "sha512-O/09Bd4Z1fBrU4VzkhFqVgpPzaGbw6Sm9FEkBT1A/YBXQFGuuSxa1dN2nxgxS34JmKXqYx8CZAwEVoJFImUXIg=="],

    "discord-oauth2": ["discord-oauth2@github:clementvt/discord-oauth2#30a533c", {}, "clementvt-discord-oauth2-30a533c"],

    "hono": ["hono@4.7.10", "", {}, "sha512-QkACju9MiN59CKSY5JsGZCYmPZkA6sIW6OFCUp7qDjZu6S6KHtJHhAc9Uy9mV9F8PJ1/HQ3ybZF2yjCa/73fvQ=="],

    "kareem": ["kareem@2.6.3", "", {}, "sha512-C3iHfuGUXK2u8/ipq9LfjFfXFxAZMQJJq7vLS45r3D9Y2xQ/m4S8zaR4zMLFWh9AsNPXmcFfUDhTEO8UIC/V6Q=="],

    "memory-pager": ["memory-pager@1.5.0", "", {}, "sha512-ZS4Bp4r/Zoeq6+NLJpP+0Zzm0pR8whtGPf1XExKLJBAczGMnSi3It14OiNCStjQjM6NU1okjQGSxgEZN8eBYKg=="],

    "mongodb": ["mongodb@6.16.0", "", { "dependencies": { "@mongodb-js/saslprep": "^1.1.9", "bson": "^6.10.3", "mongodb-connection-string-url": "^3.0.0" }, "peerDependencies": { "@aws-sdk/credential-providers": "^3.188.0", "@mongodb-js/zstd": "^1.1.0 || ^2.0.0", "gcp-metadata": "^5.2.0", "kerberos": "^2.0.1", "mongodb-client-encryption": ">=6.0.0 <7", "snappy": "^7.2.2", "socks": "^2.7.1" }, "optionalPeers": ["@aws-sdk/credential-providers", "@mongodb-js/zstd", "gcp-metadata", "kerberos", "mongodb-client-encryption", "snappy", "socks"] }, "sha512-D1PNcdT0y4Grhou5Zi/qgipZOYeWrhLEpk33n3nm6LGtz61jvO88WlrWCK/bigMjpnOdAUKKQwsGIl0NtWMyYw=="],

    "mongodb-connection-string-url": ["mongodb-connection-string-url@3.0.1", "", { "dependencies": { "@types/whatwg-url": "^11.0.2", "whatwg-url": "^13.0.0" } }, "sha512-XqMGwRX0Lgn05TDB4PyG2h2kKO/FfWJyCzYQbIhXUxz7ETt0I/FqHjUeqj37irJ+Dl1ZtU82uYyj14u2XsZKfg=="],

    "mongoose": ["mongoose@8.15.0", "", { "dependencies": { "bson": "^6.10.3", "kareem": "2.6.3", "mongodb": "~6.16.0", "mpath": "0.9.0", "mquery": "5.0.0", "ms": "2.1.3", "sift": "17.1.3" } }, "sha512-WFKsY1q12ScGabnZWUB9c/QzZmz/ESorrV27OembB7Gz6rrh9m3GA4Srsv1uvW1s9AHO5DeZ6DdUTyF9zyNERQ=="],

    "mpath": ["mpath@0.9.0", "", {}, "sha512-ikJRQTk8hw5DEoFVxHG1Gn9T/xcjtdnOKIU1JTmGjZZlg9LST2mBLmcX3/ICIbgJydT2GOc15RnNy5mHmzfSew=="],

    "mquery": ["mquery@5.0.0", "", { "dependencies": { "debug": "4.x" } }, "sha512-iQMncpmEK8R8ncT8HJGsGc9Dsp8xcgYMVSbs5jgnm1lFHTZqMJTUWTDx1LBO8+mK3tPNZWFLBghQEIOULSTHZg=="],

    "ms": ["ms@2.1.3", "", {}, "sha512-6FlzubTLZG3J2a/NVCAleEhjzq5oxgHyaCU9yYXvcLsvoVaHJq/s5xXI6/XXP6tz7R9xAOtHnSO/tXtF3WRTlA=="],

    "punycode": ["punycode@2.3.1", "", {}, "sha512-vYt7UD1U9Wg6138shLtLOvdAu+8DsC/ilFtEVHcH+wydcSpNE20AfSOduf6MkRFahL5FY7X1oU7nKVZFtfq8Fg=="],

    "sift": ["sift@17.1.3", "", {}, "sha512-Rtlj66/b0ICeFzYTuNvX/EF1igRbbnGSvEyT79McoZa/DeGhMyC5pWKOEsZKnpkqtSeovd5FL/bjHWC3CIIvCQ=="],

    "sparse-bitfield": ["sparse-bitfield@3.0.3", "", { "dependencies": { "memory-pager": "^1.0.2" } }, "sha512-kvzhi7vqKTfkh0PZU+2D2PIllw2ymqJKujUcyPMd9Y75Nv4nPbGJZXNhxsgdQab2BmlDct1YnfQCguEvHr7VsQ=="],

    "tr46": ["tr46@4.1.1", "", { "dependencies": { "punycode": "^2.3.0" } }, "sha512-2lv/66T7e5yNyhAAC4NaKe5nVavzuGJQVVtRYLyQ2OI8tsJ61PMLlelehb0wi2Hx6+hT/OJUWZcw8MjlSRnxvw=="],

    "typescript": ["typescript@5.6.2", "", { "bin": { "tsc": "bin/tsc", "tsserver": "bin/tsserver" } }, "sha512-NW8ByodCSNCwZeghjN3o+JX5OFH0Ojg6sadjEKY4huZ52TqbJTJnDo5+Tw98lSy63NZvi4n+ez5m2u5d4PkZyw=="],

    "undici-types": ["undici-types@5.26.5", "", {}, "sha512-JlCMO+ehdEIKqlFxk6IfVoAUVmgz7cU7zD/h9XZ0qzeosSHmUJVOzSQvvYSYWXkFXC+IfLKSIffhv0sVZup6pA=="],

    "webidl-conversions": ["webidl-conversions@7.0.0", "", {}, "sha512-VwddBukDzu71offAQR975unBIGqfKZpM+8ZX6ySk8nYhVoo5CYaZyzt3YBvYtRtO+aoGlqxPg/B87NGVZ/fu6g=="],

    "whatwg-url": ["whatwg-url@13.0.0", "", { "dependencies": { "tr46": "^4.1.1", "webidl-conversions": "^7.0.0" } }, "sha512-9WWbymnqj57+XEuqADHrCJ2eSXzn8WXIW/YSGaZtb2WKAInQ6CHfaUUcTyyver0p8BDg5StLQq8h1vtZuwmOig=="],

    "debug/ms": ["ms@2.1.2", "", {}, "sha512-sGkPx+VjMtmA6MX27oA4FBFELFCZZ4S4XqeGOXCv68tT+jb3vk/RyaKWP0PTKyWtmLSM0b+adUTEvbs1PEaH2w=="],
  }
}
